
Microsoft Visual Studio Solution File, Format Version 12.00
# Visual Studio Version 17
VisualStudioVersion = 17.10.35027.167
MinimumVisualStudioVersion = 10.0.40219.1
Project("{FAE04EC0-301F-11D3-BF4B-00C04F79EFBC}") = "CatchGoldsGUI", "CatchGoldsGUI.csproj", "{95311C65-69A5-43F0-9460-198FC5C8501B}"
EndProject
Project("{FAE04EC0-301F-11D3-BF4B-00C04F79EFBC}") = "Unit_Test", "..\Unit_Test\Unit_Test.csproj", "{89190521-2973-4AF2-ADE5-F6A08C74563E}"
EndProject
Global
	GlobalSection(SolutionConfigurationPlatforms) = preSolution
		Debug|Any CPU = Debug|Any CPU
		Release|Any CPU = Release|Any CPU
	EndGlobalSection
	GlobalSection(ProjectConfigurationPlatforms) = postSolution
		{95311C65-69A5-43F0-9460-198FC5C8501B}.Debug|Any CPU.ActiveCfg = Debug|Any CPU
		{95311C65-69A5-43F0-9460-198FC5C8501B}.Debug|Any CPU.Build.0 = Debug|Any CPU
		{95311C65-69A5-43F0-9460-198FC5C8501B}.Release|Any CPU.ActiveCfg = Release|Any CPU
		{95311C65-69A5-43F0-9460-198FC5C8501B}.Release|Any CPU.Build.0 = Release|Any CPU
		{89190521-2973-4AF2-ADE5-F6A08C74563E}.Debug|Any CPU.ActiveCfg = Debug|Any CPU
		{89190521-2973-4AF2-ADE5-F6A08C74563E}.Debug|Any CPU.Build.0 = Debug|Any CPU
		{89190521-2973-4AF2-ADE5-F6A08C74563E}.Release|Any CPU.ActiveCfg = Release|Any CPU
		{89190521-2973-4AF2-ADE5-F6A08C74563E}.Release|Any CPU.Build.0 = Release|Any CPU
	EndGlobalSection
	GlobalSection(SolutionProperties) = preSolution
		HideSolutionNode = FALSE
	EndGlobalSection
	GlobalSection(ExtensibilityGlobals) = postSolution
		SolutionGuid = {7D2E06AF-0417-4C44-84CD-3D9A0E10071F}
	EndGlobalSection
EndGlobal
